
Microsoft Visual Studio Solution File, Format Version 12.00
# Visual Studio Version 16
VisualStudioVersion = 16.0.31005.135
MinimumVisualStudioVersion = 10.0.40219.1
Project("{FAE04EC0-301F-11D3-BF4B-00C04F79EFBC}") = "Labstats_potatoes", "Labstats_potatoes.csproj", "{51EF644E-19B1-4A1B-B237-A669BFA5FD94}"
EndProject
Project("{FAE04EC0-301F-11D3-BF4B-00C04F79EFBC}") = "Potatoes_Tests", "..\Potatoes_Tests\Potatoes_Tests.csproj", "{25C93E05-B455-4DAE-B17B-FF47007BF342}"
EndProject
Global
	GlobalSection(SolutionConfigurationPlatforms) = preSolution
		Debug|Any CPU = Debug|Any CPU
		Release|Any CPU = Release|Any CPU
	EndGlobalSection
	GlobalSection(ProjectConfigurationPlatforms) = postSolution
		{51EF644E-19B1-4A1B-B237-A669BFA5FD94}.Debug|Any CPU.ActiveCfg = Debug|Any CPU
		{51EF644E-19B1-4A1B-B237-A669BFA5FD94}.Debug|Any CPU.Build.0 = Debug|Any CPU
		{51EF644E-19B1-4A1B-B237-A669BFA5FD94}.Release|Any CPU.ActiveCfg = Release|Any CPU
		{51EF644E-19B1-4A1B-B237-A669BFA5FD94}.Release|Any CPU.Build.0 = Release|Any CPU
		{25C93E05-B455-4DAE-B17B-FF47007BF342}.Debug|Any CPU.ActiveCfg = Debug|Any CPU
		{25C93E05-B455-4DAE-B17B-FF47007BF342}.Debug|Any CPU.Build.0 = Debug|Any CPU
		{25C93E05-B455-4DAE-B17B-FF47007BF342}.Release|Any CPU.ActiveCfg = Release|Any CPU
		{25C93E05-B455-4DAE-B17B-FF47007BF342}.Release|Any CPU.Build.0 = Release|Any CPU
	EndGlobalSection
	GlobalSection(SolutionProperties) = preSolution
		HideSolutionNode = FALSE
	EndGlobalSection
	GlobalSection(ExtensibilityGlobals) = postSolution
		SolutionGuid = {E38C5F2C-6EC4-44D6-A928-562372DAA34F}
	EndGlobalSection
EndGlobal
